// !$*UTF8*$!
{
	archiveVersion = 1;
	classes = {
	};
	objectVersion = 50;
	objects = {

/* Begin PBXBuildFile section */
		F1AA32AB213AFE4500BA6AE7 /* AppDelegate.swift in Sources */ = {isa = PBXBuildFile; fileRef = F1AA32AA213AFE4500BA6AE7 /* AppDelegate.swift */; };
		F1AA32AD213AFE4500BA6AE7 /* SeaFoodViewController.swift in Sources */ = {isa = PBXBuildFile; fileRef = F1AA32AC213AFE4500BA6AE7 /* SeaFoodViewController.swift */; };
		F1AA32B0213AFE4500BA6AE7 /* Main.storyboard in Resources */ = {isa = PBXBuildFile; fileRef = F1AA32AE213AFE4500BA6AE7 /* Main.storyboard */; };
		F1AA32B2213AFE4800BA6AE7 /* Assets.xcassets in Resources */ = {isa = PBXBuildFile; fileRef = F1AA32B1213AFE4800BA6AE7 /* Assets.xcassets */; };
		F1AA32B5213AFE4800BA6AE7 /* LaunchScreen.storyboard in Resources */ = {isa = PBXBuildFile; fileRef = F1AA32B3213AFE4800BA6AE7 /* LaunchScreen.storyboard */; };
		F1AA32BD213AFE8400BA6AE7 /* Inceptionv3.mlmodel in Sources */ = {isa = PBXBuildFile; fileRef = F1AA32BC213AFE8300BA6AE7 /* Inceptionv3.mlmodel */; };
/* End PBXBuildFile section */

/* Begin PBXFileReference section */
		F1AA32A7213AFE4500BA6AE7 /* SeaFood.app */ = {isa = PBXFileReference; explicitFileType = wrapper.application; includeInIndex = 0; path = SeaFood.app; sourceTree = BUILT_PRODUCTS_DIR; };
		F1AA32AA213AFE4500BA6AE7 /* AppDelegate.swift */ = {isa = PBXFileReference; lastKnownFileType = sourcecode.swift; path = AppDelegate.swift; sourceTree = "<group>"; };
		F1AA32AC213AFE4500BA6AE7 /* SeaFoodViewController.swift */ = {isa = PBXFileReference; lastKnownFileType = sourcecode.swift; path = SeaFoodViewController.swift; sourceTree = "<group>"; };
		F1AA32AF213AFE4500BA6AE7 /* Base */ = {isa = PBXFileReference; lastKnownFileType = file.storyboard; name = Base; path = Base.lproj/Main.storyboard; sourceTree = "<group>"; };
		F1AA32B1213AFE4800BA6AE7 /* Assets.xcassets */ = {isa = PBXFileReference; lastKnownFileType = folder.assetcatalog; path = Assets.xcassets; sourceTree = "<group>"; };
		F1AA32B4213AFE4800BA6AE7 /* Base */ = {isa = PBXFileReference; lastKnownFileType = file.storyboard; name = Base; path = Base.lproj/LaunchScreen.storyboard; sourceTree = "<group>"; };
		F1AA32B6213AFE4800BA6AE7 /* Info.plist */ = {isa = PBXFileReference; lastKnownFileType = text.plist.xml; path = Info.plist; sourceTree = "<group>"; };
		F1AA32BC213AFE8300BA6AE7 /* Inceptionv3.mlmodel */ = {isa = PBXFileReference; lastKnownFileType = file.mlmodel; path = Inceptionv3.mlmodel; sourceTree = "<group>"; };
/* End PBXFileReference section */

/* Begin PBXFrameworksBuildPhase section */
		F1AA32A4213AFE4500BA6AE7 /* Frameworks */ = {
			isa = PBXFrameworksBuildPhase;
			buildActionMask = 2147483647;
			files = (
			);
			runOnlyForDeploymentPostprocessing = 0;
		};
/* End PBXFrameworksBuildPhase section */

/* Begin PBXGroup section */
		F1AA329E213AFE4500BA6AE7 = {
			isa = PBXGroup;
			children = (
				F1AA32A9213AFE4500BA6AE7 /* SeaFood */,
				F1AA32A8213AFE4500BA6AE7 /* Products */,
			);
			sourceTree = "<group>";
		};
		F1AA32A8213AFE4500BA6AE7 /* Products */ = {
			isa = PBXGroup;
			children = (
				F1AA32A7213AFE4500BA6AE7 /* SeaFood.app */,
			);
			name = Products;
			sourceTree = "<group>";
		};
		F1AA32A9213AFE4500BA6AE7 /* SeaFood */ = {
			isa = PBXGroup;
			children = (
				F1AA32AA213AFE4500BA6AE7 /* AppDelegate.swift */,
				F1AA32C0213AFEC300BA6AE7 /* Model */,
				F1AA32BF213AFEAA00BA6AE7 /* Controller */,
				F1AA32BE213AFE9A00BA6AE7 /* View */,
				F1AA32B1213AFE4800BA6AE7 /* Assets.xcassets */,
				F1AA32BC213AFE8300BA6AE7 /* Inceptionv3.mlmodel */,
				F1AA32B3213AFE4800BA6AE7 /* LaunchScreen.storyboard */,
				F1AA32B6213AFE4800BA6AE7 /* Info.plist */,
			);
			path = SeaFood;
			sourceTree = "<group>";
		};
		F1AA32BE213AFE9A00BA6AE7 /* View */ = {
			isa = PBXGroup;
			children = (
				F1AA32AE213AFE4500BA6AE7 /* Main.storyboard */,
			);
			path = View;
			sourceTree = "<group>";
		};
		F1AA32BF213AFEAA00BA6AE7 /* Controller */ = {
			isa = PBXGroup;
			children = (
				F1AA32AC213AFE4500BA6AE7 /* SeaFoodViewController.swift */,
			);
			path = Controller;
			sourceTree = "<group>";
		};
		F1AA32C0213AFEC300BA6AE7 /* Model */ = {
			isa = PBXGroup;
			children = (
			);
			name = Model;
			path = Controller;
			sourceTree = "<group>";
		};
/* End PBXGroup section */

/* Begin PBXNativeTarget section */
		F1AA32A6213AFE4500BA6AE7 /* SeaFood */ = {
			isa = PBXNativeTarget;
			buildConfigurationList = F1AA32B9213AFE4800BA6AE7 /* Build configuration list for PBXNativeTarget "SeaFood" */;
			buildPhases = (
				F1AA32A3213AFE4500BA6AE7 /* Sources */,
				F1AA32A4213AFE4500BA6AE7 /* Frameworks */,
				F1AA32A5213AFE4500BA6AE7 /* Resources */,
			);
			buildRules = (
			);
			dependencies = (
			);
			name = SeaFood;
			productName = SeaFood;
			productReference = F1AA32A7213AFE4500BA6AE7 /* SeaFood.app */;
			productType = "com.apple.product-type.application";
		};
/* End PBXNativeTarget section */

/* Begin PBXProject section */
		F1AA329F213AFE4500BA6AE7 /* Project object */ = {
			isa = PBXProject;
			attributes = {
				LastSwiftUpdateCheck = 0940;
				LastUpgradeCheck = 0940;
				ORGANIZATIONNAME = nProject;
				TargetAttributes = {
					F1AA32A6213AFE4500BA6AE7 = {
						CreatedOnToolsVersion = 9.4.1;
					};
				};
			};
			buildConfigurationList = F1AA32A2213AFE4500BA6AE7 /* Build configuration list for PBXProject "SeaFood" */;
			compatibilityVersion = "Xcode 9.3";
			developmentRegion = en;
			hasScannedForEncodings = 0;
			knownRegions = (
				en,
				Base,
			);
			mainGroup = F1AA329E213AFE4500BA6AE7;
			productRefGroup = F1AA32A8213AFE4500BA6AE7 /* Products */;
			projectDirPath = "";
			projectRoot = "";
			targets = (
				F1AA32A6213AFE4500BA6AE7 /* SeaFood */,
			);
		};
/* End PBXProject section */

/* Begin PBXResourcesBuildPhase section */
		F1AA32A5213AFE4500BA6AE7 /* Resources */ = {
			isa = PBXResourcesBuildPhase;
			buildActionMask = 2147483647;
			files = (
				F1AA32B5213AFE4800BA6AE7 /* LaunchScreen.storyboard in Resources */,
				F1AA32B2213AFE4800BA6AE7 /* Assets.xcassets in Resources */,
				F1AA32B0213AFE4500BA6AE7 /* Main.storyboard in Resources */,
			);
			runOnlyForDeploymentPostprocessing = 0;
		};
/* End PBXResourcesBuildPhase section */

/* Begin PBXSourcesBuildPhase section */
		F1AA32A3213AFE4500BA6AE7 /* Sources */ = {
			isa = PBXSourcesBuildPhase;
			buildActionMask = 2147483647;
			files = (
				F1AA32AD213AFE4500BA6AE7 /* SeaFoodViewController.swift in Sources */,
				F1AA32BD213AFE8400BA6AE7 /* Inceptionv3.mlmodel in Sources */,
				F1AA32AB213AFE4500BA6AE7 /* AppDelegate.swift in Sources */,
			);
			runOnlyForDeploymentPostprocessing = 0;
		};
/* End PBXSourcesBuildPhase section */

/* Begin PBXVariantGroup section */
		F1AA32AE213AFE4500BA6AE7 /* Main.storyboard */ = {
			isa = PBXVariantGroup;
			children = (
				F1AA32AF213AFE4500BA6AE7 /* Base */,
			);
			name = Main.storyboard;
			sourceTree = "<group>";
		};
		F1AA32B3213AFE4800BA6AE7 /* LaunchScreen.storyboard */ = {
			isa = PBXVariantGroup;
			children = (
				F1AA32B4213AFE4800BA6AE7 /* Base */,
			);
			name = LaunchScreen.storyboard;
			sourceTree = "<group>";
		};
/* End PBXVariantGroup section */

/* Begin XCBuildConfiguration section */
		F1AA32B7213AFE4800BA6AE7 /* Debug */ = {
			isa = XCBuildConfiguration;
			buildSettings = {
				ALWAYS_SEARCH_USER_PATHS = NO;
				CLANG_ANALYZER_NONNULL = YES;
				CLANG_ANALYZER_NUMBER_OBJECT_CONVERSION = YES_AGGRESSIVE;
				CLANG_CXX_LANGUAGE_STANDARD = "gnu++14";
				CLANG_CXX_LIBRARY = "libc++";
				CLANG_ENABLE_MODULES = YES;
				CLANG_ENABLE_OBJC_ARC = YES;
				CLANG_ENABLE_OBJC_WEAK = YES;
				CLANG_WARN_BLOCK_CAPTURE_AUTORELEASING = YES;
				CLANG_WARN_BOOL_CONVERSION = YES;
				CLANG_WARN_COMMA = YES;
				CLANG_WARN_CONSTANT_CONVERSION = YES;
				CLANG_WARN_DEPRECATED_OBJC_IMPLEMENTATIONS = YES;
				CLANG_WARN_DIRECT_OBJC_ISA_USAGE = YES_ERROR;
				CLANG_WARN_DOCUMENTATION_COMMENTS = YES;
				CLANG_WARN_EMPTY_BODY = YES;
				CLANG_WARN_ENUM_CONVERSION = YES;
				CLANG_WARN_INFINITE_RECURSION = YES;
				CLANG_WARN_INT_CONVERSION = YES;
				CLANG_WARN_NON_LITERAL_NULL_CONVERSION = YES;
				CLANG_WARN_OBJC_IMPLICIT_RETAIN_SELF = YES;
				CLANG_WARN_OBJC_LITERAL_CONVERSION = YES;
				CLANG_WARN_OBJC_ROOT_CLASS = YES_ERROR;
				CLANG_WARN_RANGE_LOOP_ANALYSIS = YES;
				CLANG_WARN_STRICT_PROTOTYPES = YES;
				CLANG_WARN_SUSPICIOUS_MOVE = YES;
				CLANG_WARN_UNGUARDED_AVAILABILITY = YES_AGGRESSIVE;
				CLANG_WARN_UNREACHABLE_CODE = YES;
				CLANG_WARN__DUPLICATE_METHOD_MATCH = YES;
				CODE_SIGN_IDENTITY = "iPhone Developer";
				COPY_PHASE_STRIP = NO;
				DEBUG_INFORMATION_FORMAT = dwarf;
				ENABLE_STRICT_OBJC_MSGSEND = YES;
				ENABLE_TESTABILITY = YES;
				GCC_C_LANGUAGE_STANDARD = gnu11;
				GCC_DYNAMIC_NO_PIC = NO;
				GCC_NO_COMMON_BLOCKS = YES;
				GCC_OPTIMIZATION_LEVEL = 0;
				GCC_PREPROCESSOR_DEFINITIONS = (
					"DEBUG=1",
					"$(inherited)",
				);
				GCC_WARN_64_TO_32_BIT_CONVERSION = YES;
				GCC_WARN_ABOUT_RETURN_TYPE = YES_ERROR;
				GCC_WARN_UNDECLARED_SELECTOR = YES;
				GCC_WARN_UNINITIALIZED_AUTOS = YES_AGGRESSIVE;
				GCC_WARN_UNUSED_FUNCTION = YES;
				GCC_WARN_UNUSED_VARIABLE = YES;
				IPHONEOS_DEPLOYMENT_TARGET = 11.4;
				MTL_ENABLE_DEBUG_INFO = YES;
				ONLY_ACTIVE_ARCH = YES;
				SDKROOT = iphoneos;
				SWIFT_ACTIVE_COMPILATION_CONDITIONS = DEBUG;
				SWIFT_OPTIMIZATION_LEVEL = "-Onone";
			};
			name = Debug;
		};
		F1AA32B8213AFE4800BA6AE7 /* Release */ = {
			isa = XCBuildConfiguration;
			buildSettings = {
				ALWAYS_SEARCH_USER_PATHS = NO;
				CLANG_ANALYZER_NONNULL = YES;
				CLANG_ANALYZER_NUMBER_OBJECT_CONVERSION = YES_AGGRESSIVE;
				CLANG_CXX_LANGUAGE_STANDARD = "gnu++14";
				CLANG_CXX_LIBRARY = "libc++";
				CLANG_ENABLE_MODULES = YES;
				CLANG_ENABLE_OBJC_ARC = YES;
				CLANG_ENABLE_OBJC_WEAK = YES;
				CLANG_WARN_BLOCK_CAPTURE_AUTORELEASING = YES;
				CLANG_WARN_BOOL_CONVERSION = YES;
				CLANG_WARN_COMMA = YES;
				CLANG_WARN_CONSTANT_CONVERSION = YES;
				CLANG_WARN_DEPRECATED_OBJC_IMPLEMENTATIONS = YES;
				CLANG_WARN_DIRECT_OBJC_ISA_USAGE = YES_ERROR;
				CLANG_WARN_DOCUMENTATION_COMMENTS = YES;
				CLANG_WARN_EMPTY_BODY = YES;
				CLANG_WARN_ENUM_CONVERSION = YES;
				CLANG_WARN_INFINITE_RECURSION = YES;
				CLANG_WARN_INT_CONVERSION = YES;
				CLANG_WARN_NON_LITERAL_NULL_CONVERSION = YES;
				CLANG_WARN_OBJC_IMPLICIT_RETAIN_SELF = YES;
				CLANG_WARN_OBJC_LITERAL_CONVERSION = YES;
				CLANG_WARN_OBJC_ROOT_CLASS = YES_ERROR;
				CLANG_WARN_RANGE_LOOP_ANALYSIS = YES;
				CLANG_WARN_STRICT_PROTOTYPES = YES;
				CLANG_WARN_SUSPICIOUS_MOVE = YES;
				CLANG_WARN_UNGUARDED_AVAILABILITY = YES_AGGRESSIVE;
				CLANG_WARN_UNREACHABLE_CODE = YES;
				CLANG_WARN__DUPLICATE_METHOD_MATCH = YES;
				CODE_SIGN_IDENTITY = "iPhone Developer";
				COPY_PHASE_STRIP = NO;
				DEBUG_INFORMATION_FORMAT = "dwarf-with-dsym";
				ENABLE_NS_ASSERTIONS = NO;
				ENABLE_STRICT_OBJC_MSGSEND = YES;
				GCC_C_LANGUAGE_STANDARD = gnu11;
				GCC_NO_COMMON_BLOCKS = YES;
				GCC_WARN_64_TO_32_BIT_CONVERSION = YES;
				GCC_WARN_ABOUT_RETURN_TYPE = YES_ERROR;
				GCC_WARN_UNDECLARED_SELECTOR = YES;
				GCC_WARN_UNINITIALIZED_AUTOS = YES_AGGRESSIVE;
				GCC_WARN_UNUSED_FUNCTION = YES;
				GCC_WARN_UNUSED_VARIABLE = YES;
				IPHONEOS_DEPLOYMENT_TARGET = 11.4;
				MTL_ENABLE_DEBUG_INFO = NO;
				SDKROOT = iphoneos;
				SWIFT_COMPILATION_MODE = wholemodule;
				SWIFT_OPTIMIZATION_LEVEL = "-O";
				VALIDATE_PRODUCT = YES;
			};
			name = Release;
		};
		F1AA32BA213AFE4800BA6AE7 /* Debug */ = {
			isa = XCBuildConfiguration;
			buildSettings = {
				ASSETCATALOG_COMPILER_APPICON_NAME = AppIcon;
				CODE_SIGN_STYLE = Automatic;
				INFOPLIST_FILE = SeaFood/Info.plist;
				LD_RUNPATH_SEARCH_PATHS = (
					"$(inherited)",
					"@executable_path/Frameworks",
				);
				PRODUCT_BUNDLE_IDENTIFIER = devio.SeaFood;
				PRODUCT_NAME = "$(TARGET_NAME)";
				SWIFT_VERSION = 4.0;
				TARGETED_DEVICE_FAMILY = "1,2";
			};
			name = Debug;
		};
		F1AA32BB213AFE4800BA6AE7 /* Release */ = {
			isa = XCBuildConfiguration;
			buildSettings = {
				ASSETCATALOG_COMPILER_APPICON_NAME = AppIcon;
				CODE_SIGN_STYLE = Automatic;
				INFOPLIST_FILE = SeaFood/Info.plist;
				LD_RUNPATH_SEARCH_PATHS = (
					"$(inherited)",
					"@executable_path/Frameworks",
				);
				PRODUCT_BUNDLE_IDENTIFIER = devio.SeaFood;
				PRODUCT_NAME = "$(TARGET_NAME)";
				SWIFT_VERSION = 4.0;
				TARGETED_DEVICE_FAMILY = "1,2";
			};
			name = Release;
		};
/* End XCBuildConfiguration section */

/* Begin XCConfigurationList section */
		F1AA32A2213AFE4500BA6AE7 /* Build configuration list for PBXProject "SeaFood" */ = {
			isa = XCConfigurationList;
			buildConfigurations = (
				F1AA32B7213AFE4800BA6AE7 /* Debug */,
				F1AA32B8213AFE4800BA6AE7 /* Release */,
			);
			defaultConfigurationIsVisible = 0;
			defaultConfigurationName = Release;
		};
		F1AA32B9213AFE4800BA6AE7 /* Build configuration list for PBXNativeTarget "SeaFood" */ = {
			isa = XCConfigurationList;
			buildConfigurations = (
				F1AA32BA213AFE4800BA6AE7 /* Debug */,
				F1AA32BB213AFE4800BA6AE7 /* Release */,
			);
			defaultConfigurationIsVisible = 0;
			defaultConfigurationName = Release;
		};
/* End XCConfigurationList section */
	};
	rootObject = F1AA329F213AFE4500BA6AE7 /* Project object */;
}
